uuid: 45eaa96d-bc2b-4d46-aa0b-e928fd9b13a0
langcode: en
status: true
dependencies:
  content:
    - 'block_content:basic:0f7d8719-7f64-452d-afde-bc9e4ffc9a11'
  module:
    - block_content
    - system
  theme:
    - bartik
id: welcomeblock
theme: bartik
region: sidebar_first
weight: 0
provider: null
plugin: 'block_content:0f7d8719-7f64-452d-afde-bc9e4ffc9a11'
settings:
  id: 'block_content:0f7d8719-7f64-452d-afde-bc9e4ffc9a11'
  label: 'Welcome block'
  provider: block_content
  label_display: visible
  status: true
  info: ''
  view_mode: full
visibility:
  request_path:
    id: request_path
    pages: '<front>'
    negate: false
    context_mapping: {  }
